// !$*UTF8*$!
{
	archiveVersion = 1;
	classes = {
	};
	objectVersion = 56;
	objects = {

/* Begin PBXBuildFile section */
		B2A339A42AA5C13600013162 /* PhotoTileView.swift in Sources */ = {isa = PBXBuildFile; fileRef = B2A339A32AA5C13600013162 /* PhotoTileView.swift */; };
		B2A339A82AA5DDBA00013162 /* PhotoScrollView.swift in Sources */ = {isa = PBXBuildFile; fileRef = B2A339A72AA5DDBA00013162 /* PhotoScrollView.swift */; };
		B2A339AA2AA5DF0500013162 /* ImageLoader.swift in Sources */ = {isa = PBXBuildFile; fileRef = B2A339A92AA5DF0500013162 /* ImageLoader.swift */; };
		B2B2C1092AA715C800918169 /* FavouritesModerator.swift in Sources */ = {isa = PBXBuildFile; fileRef = B2B2C1082AA715C800918169 /* FavouritesModerator.swift */; };
		B2B2C10B2AA7194100918169 /* PhotoDetailsView.swift in Sources */ = {isa = PBXBuildFile; fileRef = B2B2C10A2AA7194100918169 /* PhotoDetailsView.swift */; };
		B2B2C10D2AA7195400918169 /* PhotoDetailsViewModel.swift in Sources */ = {isa = PBXBuildFile; fileRef = B2B2C10C2AA7195400918169 /* PhotoDetailsViewModel.swift */; };
		B2B2C1132AA71C1300918169 /* ViewExtensions.swift in Sources */ = {isa = PBXBuildFile; fileRef = B2B2C1122AA71C1300918169 /* ViewExtensions.swift */; };
		B2B2C1152AA735B100918169 /* ButtonStyleExtensions.swift in Sources */ = {isa = PBXBuildFile; fileRef = B2B2C1142AA735B100918169 /* ButtonStyleExtensions.swift */; };
		B2B2C1172AA741AF00918169 /* FavouritesManager.swift in Sources */ = {isa = PBXBuildFile; fileRef = B2B2C1162AA741AF00918169 /* FavouritesManager.swift */; };
		B2B2C1192AA7422400918169 /* FavouritesService.swift in Sources */ = {isa = PBXBuildFile; fileRef = B2B2C1182AA7422400918169 /* FavouritesService.swift */; };
		B2B3B1B62A8E36CD00A1E4C0 /* ImageLoaderViewModel.swift in Sources */ = {isa = PBXBuildFile; fileRef = B2B3B1B52A8E36CD00A1E4C0 /* ImageLoaderViewModel.swift */; };
		B2B3B1B92A8E371600A1E4C0 /* ImageService.swift in Sources */ = {isa = PBXBuildFile; fileRef = B2B3B1B82A8E371600A1E4C0 /* ImageService.swift */; };
		B2B3B1BE2A8E419F00A1E4C0 /* CombineExtensions.swift in Sources */ = {isa = PBXBuildFile; fileRef = B2B3B1BD2A8E419F00A1E4C0 /* CombineExtensions.swift */; };
		B2B3B1C12A8E4B4B00A1E4C0 /* fakeData.json in Resources */ = {isa = PBXBuildFile; fileRef = B2B3B1C02A8E4B4B00A1E4C0 /* fakeData.json */; };
		B2B3B1C42A8E4BF800A1E4C0 /* FakeImageService.swift in Sources */ = {isa = PBXBuildFile; fileRef = B2B3B1C32A8E4BF800A1E4C0 /* FakeImageService.swift */; };
		B2B3B1C62A8E4C0300A1E4C0 /* ImageError.swift in Sources */ = {isa = PBXBuildFile; fileRef = B2B3B1C52A8E4C0300A1E4C0 /* ImageError.swift */; };
		B2B3B1C92A8E5A9B00A1E4C0 /* ImagePlaceholderView.swift in Sources */ = {isa = PBXBuildFile; fileRef = B2B3B1C82A8E5A9B00A1E4C0 /* ImagePlaceholderView.swift */; };
		B2CFBBCC2A8CBDB000933F30 /* PhotoFetcherBrowserApp.swift in Sources */ = {isa = PBXBuildFile; fileRef = B2CFBBCB2A8CBDB000933F30 /* PhotoFetcherBrowserApp.swift */; };
		B2CFBBCE2A8CBDB000933F30 /* ContentView.swift in Sources */ = {isa = PBXBuildFile; fileRef = B2CFBBCD2A8CBDB000933F30 /* ContentView.swift */; };
		B2CFBBD02A8CBDB100933F30 /* Assets.xcassets in Resources */ = {isa = PBXBuildFile; fileRef = B2CFBBCF2A8CBDB100933F30 /* Assets.xcassets */; };
		B2CFBBD32A8CBDB100933F30 /* Preview Assets.xcassets in Resources */ = {isa = PBXBuildFile; fileRef = B2CFBBD22A8CBDB100933F30 /* Preview Assets.xcassets */; };
		B2CFBBDC2A8CC08C00933F30 /* PhotoBrowserView.swift in Sources */ = {isa = PBXBuildFile; fileRef = B2CFBBDB2A8CC08C00933F30 /* PhotoBrowserView.swift */; };
		B2CFBBEB2A8CE72800933F30 /* NetworkImageSerivce.swift in Sources */ = {isa = PBXBuildFile; fileRef = B2CFBBEA2A8CE72800933F30 /* NetworkImageSerivce.swift */; };
		B2CFBBED2A8CEEA200933F30 /* ImageData.swift in Sources */ = {isa = PBXBuildFile; fileRef = B2CFBBEC2A8CEEA200933F30 /* ImageData.swift */; };
		B2D851992A90A7730029CACB /* Kingfisher in Frameworks */ = {isa = PBXBuildFile; productRef = B2D851982A90A7730029CACB /* Kingfisher */; };
		B2D8519B2A90A8E80029CACB /* ImageExtensions.swift in Sources */ = {isa = PBXBuildFile; fileRef = B2D8519A2A90A8E80029CACB /* ImageExtensions.swift */; };
		B2D8699F2AA5E37C00E792D4 /* FavouritesImageSerivce.swift in Sources */ = {isa = PBXBuildFile; fileRef = B2D8699E2AA5E37C00E792D4 /* FavouritesImageSerivce.swift */; };
		B2D869A72AA61CC800E792D4 /* ArrayExtensions.swift in Sources */ = {isa = PBXBuildFile; fileRef = B2D869A62AA61CC800E792D4 /* ArrayExtensions.swift */; };
/* End PBXBuildFile section */

/* Begin PBXFileReference section */
		B2A339A32AA5C13600013162 /* PhotoTileView.swift */ = {isa = PBXFileReference; lastKnownFileType = sourcecode.swift; path = PhotoTileView.swift; sourceTree = "<group>"; };
		B2A339A72AA5DDBA00013162 /* PhotoScrollView.swift */ = {isa = PBXFileReference; lastKnownFileType = sourcecode.swift; path = PhotoScrollView.swift; sourceTree = "<group>"; };
		B2A339A92AA5DF0500013162 /* ImageLoader.swift */ = {isa = PBXFileReference; lastKnownFileType = sourcecode.swift; path = ImageLoader.swift; sourceTree = "<group>"; };
		B2B2C1082AA715C800918169 /* FavouritesModerator.swift */ = {isa = PBXFileReference; lastKnownFileType = sourcecode.swift; path = FavouritesModerator.swift; sourceTree = "<group>"; };
		B2B2C10A2AA7194100918169 /* PhotoDetailsView.swift */ = {isa = PBXFileReference; lastKnownFileType = sourcecode.swift; path = PhotoDetailsView.swift; sourceTree = "<group>"; };
		B2B2C10C2AA7195400918169 /* PhotoDetailsViewModel.swift */ = {isa = PBXFileReference; lastKnownFileType = sourcecode.swift; path = PhotoDetailsViewModel.swift; sourceTree = "<group>"; };
		B2B2C1122AA71C1300918169 /* ViewExtensions.swift */ = {isa = PBXFileReference; lastKnownFileType = sourcecode.swift; path = ViewExtensions.swift; sourceTree = "<group>"; };
		B2B2C1142AA735B100918169 /* ButtonStyleExtensions.swift */ = {isa = PBXFileReference; lastKnownFileType = sourcecode.swift; path = ButtonStyleExtensions.swift; sourceTree = "<group>"; };
		B2B2C1162AA741AF00918169 /* FavouritesManager.swift */ = {isa = PBXFileReference; lastKnownFileType = sourcecode.swift; path = FavouritesManager.swift; sourceTree = "<group>"; };
		B2B2C1182AA7422400918169 /* FavouritesService.swift */ = {isa = PBXFileReference; lastKnownFileType = sourcecode.swift; path = FavouritesService.swift; sourceTree = "<group>"; };
		B2B3B1B52A8E36CD00A1E4C0 /* ImageLoaderViewModel.swift */ = {isa = PBXFileReference; lastKnownFileType = sourcecode.swift; path = ImageLoaderViewModel.swift; sourceTree = "<group>"; };
		B2B3B1B82A8E371600A1E4C0 /* ImageService.swift */ = {isa = PBXFileReference; lastKnownFileType = sourcecode.swift; path = ImageService.swift; sourceTree = "<group>"; };
		B2B3B1BD2A8E419F00A1E4C0 /* CombineExtensions.swift */ = {isa = PBXFileReference; lastKnownFileType = sourcecode.swift; path = CombineExtensions.swift; sourceTree = "<group>"; };
		B2B3B1C02A8E4B4B00A1E4C0 /* fakeData.json */ = {isa = PBXFileReference; lastKnownFileType = text.json; path = fakeData.json; sourceTree = "<group>"; };
		B2B3B1C32A8E4BF800A1E4C0 /* FakeImageService.swift */ = {isa = PBXFileReference; lastKnownFileType = sourcecode.swift; path = FakeImageService.swift; sourceTree = "<group>"; };
		B2B3B1C52A8E4C0300A1E4C0 /* ImageError.swift */ = {isa = PBXFileReference; lastKnownFileType = sourcecode.swift; path = ImageError.swift; sourceTree = "<group>"; };
		B2B3B1C82A8E5A9B00A1E4C0 /* ImagePlaceholderView.swift */ = {isa = PBXFileReference; lastKnownFileType = sourcecode.swift; path = ImagePlaceholderView.swift; sourceTree = "<group>"; };
		B2CFBBC82A8CBDB000933F30 /* PhotoFetcher-Browser.app */ = {isa = PBXFileReference; explicitFileType = wrapper.application; includeInIndex = 0; path = "PhotoFetcher-Browser.app"; sourceTree = BUILT_PRODUCTS_DIR; };
		B2CFBBCB2A8CBDB000933F30 /* PhotoFetcherBrowserApp.swift */ = {isa = PBXFileReference; lastKnownFileType = sourcecode.swift; path = PhotoFetcherBrowserApp.swift; sourceTree = "<group>"; };
		B2CFBBCD2A8CBDB000933F30 /* ContentView.swift */ = {isa = PBXFileReference; lastKnownFileType = sourcecode.swift; path = ContentView.swift; sourceTree = "<group>"; };
		B2CFBBCF2A8CBDB100933F30 /* Assets.xcassets */ = {isa = PBXFileReference; lastKnownFileType = folder.assetcatalog; path = Assets.xcassets; sourceTree = "<group>"; };
		B2CFBBD22A8CBDB100933F30 /* Preview Assets.xcassets */ = {isa = PBXFileReference; lastKnownFileType = folder.assetcatalog; path = "Preview Assets.xcassets"; sourceTree = "<group>"; };
		B2CFBBDB2A8CC08C00933F30 /* PhotoBrowserView.swift */ = {isa = PBXFileReference; lastKnownFileType = sourcecode.swift; path = PhotoBrowserView.swift; sourceTree = "<group>"; };
		B2CFBBEA2A8CE72800933F30 /* NetworkImageSerivce.swift */ = {isa = PBXFileReference; lastKnownFileType = sourcecode.swift; path = NetworkImageSerivce.swift; sourceTree = "<group>"; };
		B2CFBBEC2A8CEEA200933F30 /* ImageData.swift */ = {isa = PBXFileReference; lastKnownFileType = sourcecode.swift; path = ImageData.swift; sourceTree = "<group>"; };
		B2D8519A2A90A8E80029CACB /* ImageExtensions.swift */ = {isa = PBXFileReference; lastKnownFileType = sourcecode.swift; path = ImageExtensions.swift; sourceTree = "<group>"; };
		B2D8699E2AA5E37C00E792D4 /* FavouritesImageSerivce.swift */ = {isa = PBXFileReference; lastKnownFileType = sourcecode.swift; path = FavouritesImageSerivce.swift; sourceTree = "<group>"; };
		B2D869A62AA61CC800E792D4 /* ArrayExtensions.swift */ = {isa = PBXFileReference; lastKnownFileType = sourcecode.swift; path = ArrayExtensions.swift; sourceTree = "<group>"; };
/* End PBXFileReference section */

/* Begin PBXFrameworksBuildPhase section */
		B2CFBBC52A8CBDB000933F30 /* Frameworks */ = {
			isa = PBXFrameworksBuildPhase;
			buildActionMask = 2147483647;
			files = (
				B2D851992A90A7730029CACB /* Kingfisher in Frameworks */,
			);
			runOnlyForDeploymentPostprocessing = 0;
		};
/* End PBXFrameworksBuildPhase section */

/* Begin PBXGroup section */
		B2B3B1B42A8E366900A1E4C0 /* Models */ = {
			isa = PBXGroup;
			children = (
				B2CFBBEC2A8CEEA200933F30 /* ImageData.swift */,
			);
			path = Models;
			sourceTree = "<group>";
		};
		B2B3B1B72A8E370D00A1E4C0 /* Protocols */ = {
			isa = PBXGroup;
			children = (
				B2B3B1B82A8E371600A1E4C0 /* ImageService.swift */,
				B2A339A92AA5DF0500013162 /* ImageLoader.swift */,
				B2B2C1082AA715C800918169 /* FavouritesModerator.swift */,
				B2B2C1182AA7422400918169 /* FavouritesService.swift */,
			);
			path = Protocols;
			sourceTree = "<group>";
		};
		B2B3B1BB2A8E37FD00A1E4C0 /* View Models */ = {
			isa = PBXGroup;
			children = (
				B2B3B1B52A8E36CD00A1E4C0 /* ImageLoaderViewModel.swift */,
				B2B2C10C2AA7195400918169 /* PhotoDetailsViewModel.swift */,
			);
			path = "View Models";
			sourceTree = "<group>";
		};
		B2B3B1BC2A8E419200A1E4C0 /* Extensions */ = {
			isa = PBXGroup;
			children = (
				B2B3B1BD2A8E419F00A1E4C0 /* CombineExtensions.swift */,
				B2D8519A2A90A8E80029CACB /* ImageExtensions.swift */,
				B2D869A62AA61CC800E792D4 /* ArrayExtensions.swift */,
				B2B2C1122AA71C1300918169 /* ViewExtensions.swift */,
				B2B2C1142AA735B100918169 /* ButtonStyleExtensions.swift */,
			);
			path = Extensions;
			sourceTree = "<group>";
		};
		B2B3B1BF2A8E4A5D00A1E4C0 /* Error */ = {
			isa = PBXGroup;
			children = (
				B2B3B1C52A8E4C0300A1E4C0 /* ImageError.swift */,
			);
			path = Error;
			sourceTree = "<group>";
		};
		B2B3B1C22A8E4B5F00A1E4C0 /* Resources */ = {
			isa = PBXGroup;
			children = (
				B2B3B1C02A8E4B4B00A1E4C0 /* fakeData.json */,
			);
			path = Resources;
			sourceTree = "<group>";
		};
		B2B3B1C72A8E4C2100A1E4C0 /* App */ = {
			isa = PBXGroup;
			children = (
				B2CFBBCB2A8CBDB000933F30 /* PhotoFetcherBrowserApp.swift */,
			);
			path = App;
			sourceTree = "<group>";
		};
		B2CFBBBF2A8CBDB000933F30 = {
			isa = PBXGroup;
			children = (
				B2CFBBCA2A8CBDB000933F30 /* PhotoFetcher-Browser */,
				B2CFBBC92A8CBDB000933F30 /* Products */,
			);
			sourceTree = "<group>";
		};
		B2CFBBC92A8CBDB000933F30 /* Products */ = {
			isa = PBXGroup;
			children = (
				B2CFBBC82A8CBDB000933F30 /* PhotoFetcher-Browser.app */,
			);
			name = Products;
			sourceTree = "<group>";
		};
		B2CFBBCA2A8CBDB000933F30 /* PhotoFetcher-Browser */ = {
			isa = PBXGroup;
			children = (
				B2B3B1C72A8E4C2100A1E4C0 /* App */,
				B2B3B1BF2A8E4A5D00A1E4C0 /* Error */,
				B2B3B1BC2A8E419200A1E4C0 /* Extensions */,
				B2B3B1B42A8E366900A1E4C0 /* Models */,
				B2CFBBDA2A8CC04600933F30 /* Views */,
				B2B3B1BB2A8E37FD00A1E4C0 /* View Models */,
				B2B3B1B72A8E370D00A1E4C0 /* Protocols */,
				B2CFBBE92A8CE71300933F30 /* Services */,
				B2B3B1C22A8E4B5F00A1E4C0 /* Resources */,
				B2CFBBCF2A8CBDB100933F30 /* Assets.xcassets */,
				B2CFBBD12A8CBDB100933F30 /* Preview Content */,
			);
			path = "PhotoFetcher-Browser";
			sourceTree = "<group>";
		};
		B2CFBBD12A8CBDB100933F30 /* Preview Content */ = {
			isa = PBXGroup;
			children = (
				B2CFBBD22A8CBDB100933F30 /* Preview Assets.xcassets */,
			);
			path = "Preview Content";
			sourceTree = "<group>";
		};
		B2CFBBDA2A8CC04600933F30 /* Views */ = {
			isa = PBXGroup;
			children = (
				B2CFBBCD2A8CBDB000933F30 /* ContentView.swift */,
				B2CFBBDB2A8CC08C00933F30 /* PhotoBrowserView.swift */,
				B2B3B1C82A8E5A9B00A1E4C0 /* ImagePlaceholderView.swift */,
				B2A339A32AA5C13600013162 /* PhotoTileView.swift */,
				B2A339A72AA5DDBA00013162 /* PhotoScrollView.swift */,
				B2B2C10A2AA7194100918169 /* PhotoDetailsView.swift */,
			);
			path = Views;
			sourceTree = "<group>";
		};
		B2CFBBE92A8CE71300933F30 /* Services */ = {
			isa = PBXGroup;
			children = (
				B2CFBBEA2A8CE72800933F30 /* NetworkImageSerivce.swift */,
				B2B3B1C32A8E4BF800A1E4C0 /* FakeImageService.swift */,
				B2D8699E2AA5E37C00E792D4 /* FavouritesImageSerivce.swift */,
				B2B2C1162AA741AF00918169 /* FavouritesManager.swift */,
			);
			path = Services;
			sourceTree = "<group>";
		};
/* End PBXGroup section */

/* Begin PBXNativeTarget section */
		B2CFBBC72A8CBDB000933F30 /* PhotoFetcher-Browser */ = {
			isa = PBXNativeTarget;
			buildConfigurationList = B2CFBBD62A8CBDB100933F30 /* Build configuration list for PBXNativeTarget "PhotoFetcher-Browser" */;
			buildPhases = (
				B2CFBBC42A8CBDB000933F30 /* Sources */,
				B2CFBBC52A8CBDB000933F30 /* Frameworks */,
				B2CFBBC62A8CBDB000933F30 /* Resources */,
				B2CFBBD92A8CBF9F00933F30 /* ShellScript */,
			);
			buildRules = (
			);
			dependencies = (
			);
			name = "PhotoFetcher-Browser";
			packageProductDependencies = (
				B2D851982A90A7730029CACB /* Kingfisher */,
			);
			productName = "PhotoFetcher-Browser";
			productReference = B2CFBBC82A8CBDB000933F30 /* PhotoFetcher-Browser.app */;
			productType = "com.apple.product-type.application";
		};
/* End PBXNativeTarget section */

/* Begin PBXProject section */
		B2CFBBC02A8CBDB000933F30 /* Project object */ = {
			isa = PBXProject;
			attributes = {
				BuildIndependentTargetsInParallel = 1;
				LastSwiftUpdateCheck = 1430;
				LastUpgradeCheck = 1430;
				TargetAttributes = {
					B2CFBBC72A8CBDB000933F30 = {
						CreatedOnToolsVersion = 14.3;
					};
				};
			};
			buildConfigurationList = B2CFBBC32A8CBDB000933F30 /* Build configuration list for PBXProject "PhotoFetcher-Browser" */;
			compatibilityVersion = "Xcode 14.0";
			developmentRegion = en;
			hasScannedForEncodings = 0;
			knownRegions = (
				en,
				Base,
			);
			mainGroup = B2CFBBBF2A8CBDB000933F30;
			packageReferences = (
				B2D851972A90A7730029CACB /* XCRemoteSwiftPackageReference "Kingfisher" */,
			);
			productRefGroup = B2CFBBC92A8CBDB000933F30 /* Products */;
			projectDirPath = "";
			projectRoot = "";
			targets = (
				B2CFBBC72A8CBDB000933F30 /* PhotoFetcher-Browser */,
			);
		};
/* End PBXProject section */

/* Begin PBXResourcesBuildPhase section */
		B2CFBBC62A8CBDB000933F30 /* Resources */ = {
			isa = PBXResourcesBuildPhase;
			buildActionMask = 2147483647;
			files = (
				B2B3B1C12A8E4B4B00A1E4C0 /* fakeData.json in Resources */,
				B2CFBBD32A8CBDB100933F30 /* Preview Assets.xcassets in Resources */,
				B2CFBBD02A8CBDB100933F30 /* Assets.xcassets in Resources */,
			);
			runOnlyForDeploymentPostprocessing = 0;
		};
/* End PBXResourcesBuildPhase section */

/* Begin PBXShellScriptBuildPhase section */
		B2CFBBD92A8CBF9F00933F30 /* ShellScript */ = {
			isa = PBXShellScriptBuildPhase;
			alwaysOutOfDate = 1;
			buildActionMask = 2147483647;
			files = (
			);
			inputFileListPaths = (
			);
			inputPaths = (
			);
			outputFileListPaths = (
			);
			outputPaths = (
			);
			runOnlyForDeploymentPostprocessing = 0;
			shellPath = /bin/sh;
			shellScript = "if [[ \"$(uname -m)\" == arm64 ]]; then\n    export PATH=\"/opt/homebrew/bin:$PATH\"\nfi\n\nif which swiftlint > /dev/null; then\n  swiftlint\nelse\n  echo \"warning: SwiftLint not installed, download from https://github.com/realm/SwiftLint\"\nfi\n";
		};
/* End PBXShellScriptBuildPhase section */

/* Begin PBXSourcesBuildPhase section */
		B2CFBBC42A8CBDB000933F30 /* Sources */ = {
			isa = PBXSourcesBuildPhase;
			buildActionMask = 2147483647;
			files = (
				B2B2C1132AA71C1300918169 /* ViewExtensions.swift in Sources */,
				B2B3B1B62A8E36CD00A1E4C0 /* ImageLoaderViewModel.swift in Sources */,
				B2B3B1B92A8E371600A1E4C0 /* ImageService.swift in Sources */,
				B2B2C1192AA7422400918169 /* FavouritesService.swift in Sources */,
				B2B2C1092AA715C800918169 /* FavouritesModerator.swift in Sources */,
				B2D869A72AA61CC800E792D4 /* ArrayExtensions.swift in Sources */,
				B2B3B1C42A8E4BF800A1E4C0 /* FakeImageService.swift in Sources */,
				B2D8519B2A90A8E80029CACB /* ImageExtensions.swift in Sources */,
				B2B2C10D2AA7195400918169 /* PhotoDetailsViewModel.swift in Sources */,
				B2B2C1172AA741AF00918169 /* FavouritesManager.swift in Sources */,
				B2CFBBDC2A8CC08C00933F30 /* PhotoBrowserView.swift in Sources */,
				B2B3B1BE2A8E419F00A1E4C0 /* CombineExtensions.swift in Sources */,
				B2A339AA2AA5DF0500013162 /* ImageLoader.swift in Sources */,
				B2A339A82AA5DDBA00013162 /* PhotoScrollView.swift in Sources */,
				B2B2C10B2AA7194100918169 /* PhotoDetailsView.swift in Sources */,
				B2CFBBCE2A8CBDB000933F30 /* ContentView.swift in Sources */,
				B2B3B1C92A8E5A9B00A1E4C0 /* ImagePlaceholderView.swift in Sources */,
				B2B3B1C62A8E4C0300A1E4C0 /* ImageError.swift in Sources */,
				B2CFBBEB2A8CE72800933F30 /* NetworkImageSerivce.swift in Sources */,
				B2CFBBCC2A8CBDB000933F30 /* PhotoFetcherBrowserApp.swift in Sources */,
				B2CFBBED2A8CEEA200933F30 /* ImageData.swift in Sources */,
				B2D8699F2AA5E37C00E792D4 /* FavouritesImageSerivce.swift in Sources */,
				B2A339A42AA5C13600013162 /* PhotoTileView.swift in Sources */,
				B2B2C1152AA735B100918169 /* ButtonStyleExtensions.swift in Sources */,
			);
			runOnlyForDeploymentPostprocessing = 0;
		};
/* End PBXSourcesBuildPhase section */

/* Begin XCBuildConfiguration section */
		B2CFBBD42A8CBDB100933F30 /* Debug */ = {
			isa = XCBuildConfiguration;
			buildSettings = {
				ALWAYS_SEARCH_USER_PATHS = NO;
				CLANG_ANALYZER_NONNULL = YES;
				CLANG_ANALYZER_NUMBER_OBJECT_CONVERSION = YES_AGGRESSIVE;
				CLANG_CXX_LANGUAGE_STANDARD = "gnu++20";
				CLANG_ENABLE_MODULES = YES;
				CLANG_ENABLE_OBJC_ARC = YES;
				CLANG_ENABLE_OBJC_WEAK = YES;
				CLANG_WARN_BLOCK_CAPTURE_AUTORELEASING = YES;
				CLANG_WARN_BOOL_CONVERSION = YES;
				CLANG_WARN_COMMA = YES;
				CLANG_WARN_CONSTANT_CONVERSION = YES;
				CLANG_WARN_DEPRECATED_OBJC_IMPLEMENTATIONS = YES;
				CLANG_WARN_DIRECT_OBJC_ISA_USAGE = YES_ERROR;
				CLANG_WARN_DOCUMENTATION_COMMENTS = YES;
				CLANG_WARN_EMPTY_BODY = YES;
				CLANG_WARN_ENUM_CONVERSION = YES;
				CLANG_WARN_INFINITE_RECURSION = YES;
				CLANG_WARN_INT_CONVERSION = YES;
				CLANG_WARN_NON_LITERAL_NULL_CONVERSION = YES;
				CLANG_WARN_OBJC_IMPLICIT_RETAIN_SELF = YES;
				CLANG_WARN_OBJC_LITERAL_CONVERSION = YES;
				CLANG_WARN_OBJC_ROOT_CLASS = YES_ERROR;
				CLANG_WARN_QUOTED_INCLUDE_IN_FRAMEWORK_HEADER = YES;
				CLANG_WARN_RANGE_LOOP_ANALYSIS = YES;
				CLANG_WARN_STRICT_PROTOTYPES = YES;
				CLANG_WARN_SUSPICIOUS_MOVE = YES;
				CLANG_WARN_UNGUARDED_AVAILABILITY = YES_AGGRESSIVE;
				CLANG_WARN_UNREACHABLE_CODE = YES;
				CLANG_WARN__DUPLICATE_METHOD_MATCH = YES;
				COPY_PHASE_STRIP = NO;
				DEBUG_INFORMATION_FORMAT = dwarf;
				ENABLE_STRICT_OBJC_MSGSEND = YES;
				ENABLE_TESTABILITY = YES;
				GCC_C_LANGUAGE_STANDARD = gnu11;
				GCC_DYNAMIC_NO_PIC = NO;
				GCC_NO_COMMON_BLOCKS = YES;
				GCC_OPTIMIZATION_LEVEL = 0;
				GCC_PREPROCESSOR_DEFINITIONS = (
					"DEBUG=1",
					"$(inherited)",
				);
				GCC_WARN_64_TO_32_BIT_CONVERSION = YES;
				GCC_WARN_ABOUT_RETURN_TYPE = YES_ERROR;
				GCC_WARN_UNDECLARED_SELECTOR = YES;
				GCC_WARN_UNINITIALIZED_AUTOS = YES_AGGRESSIVE;
				GCC_WARN_UNUSED_FUNCTION = YES;
				GCC_WARN_UNUSED_VARIABLE = YES;
				IPHONEOS_DEPLOYMENT_TARGET = 16.4;
				MTL_ENABLE_DEBUG_INFO = INCLUDE_SOURCE;
				MTL_FAST_MATH = YES;
				ONLY_ACTIVE_ARCH = YES;
				SDKROOT = iphoneos;
				SWIFT_ACTIVE_COMPILATION_CONDITIONS = DEBUG;
				SWIFT_OPTIMIZATION_LEVEL = "-Onone";
			};
			name = Debug;
		};
		B2CFBBD52A8CBDB100933F30 /* Release */ = {
			isa = XCBuildConfiguration;
			buildSettings = {
				ALWAYS_SEARCH_USER_PATHS = NO;
				CLANG_ANALYZER_NONNULL = YES;
				CLANG_ANALYZER_NUMBER_OBJECT_CONVERSION = YES_AGGRESSIVE;
				CLANG_CXX_LANGUAGE_STANDARD = "gnu++20";
				CLANG_ENABLE_MODULES = YES;
				CLANG_ENABLE_OBJC_ARC = YES;
				CLANG_ENABLE_OBJC_WEAK = YES;
				CLANG_WARN_BLOCK_CAPTURE_AUTORELEASING = YES;
				CLANG_WARN_BOOL_CONVERSION = YES;
				CLANG_WARN_COMMA = YES;
				CLANG_WARN_CONSTANT_CONVERSION = YES;
				CLANG_WARN_DEPRECATED_OBJC_IMPLEMENTATIONS = YES;
				CLANG_WARN_DIRECT_OBJC_ISA_USAGE = YES_ERROR;
				CLANG_WARN_DOCUMENTATION_COMMENTS = YES;
				CLANG_WARN_EMPTY_BODY = YES;
				CLANG_WARN_ENUM_CONVERSION = YES;
				CLANG_WARN_INFINITE_RECURSION = YES;
				CLANG_WARN_INT_CONVERSION = YES;
				CLANG_WARN_NON_LITERAL_NULL_CONVERSION = YES;
				CLANG_WARN_OBJC_IMPLICIT_RETAIN_SELF = YES;
				CLANG_WARN_OBJC_LITERAL_CONVERSION = YES;
				CLANG_WARN_OBJC_ROOT_CLASS = YES_ERROR;
				CLANG_WARN_QUOTED_INCLUDE_IN_FRAMEWORK_HEADER = YES;
				CLANG_WARN_RANGE_LOOP_ANALYSIS = YES;
				CLANG_WARN_STRICT_PROTOTYPES = YES;
				CLANG_WARN_SUSPICIOUS_MOVE = YES;
				CLANG_WARN_UNGUARDED_AVAILABILITY = YES_AGGRESSIVE;
				CLANG_WARN_UNREACHABLE_CODE = YES;
				CLANG_WARN__DUPLICATE_METHOD_MATCH = YES;
				COPY_PHASE_STRIP = NO;
				DEBUG_INFORMATION_FORMAT = "dwarf-with-dsym";
				ENABLE_NS_ASSERTIONS = NO;
				ENABLE_STRICT_OBJC_MSGSEND = YES;
				GCC_C_LANGUAGE_STANDARD = gnu11;
				GCC_NO_COMMON_BLOCKS = YES;
				GCC_WARN_64_TO_32_BIT_CONVERSION = YES;
				GCC_WARN_ABOUT_RETURN_TYPE = YES_ERROR;
				GCC_WARN_UNDECLARED_SELECTOR = YES;
				GCC_WARN_UNINITIALIZED_AUTOS = YES_AGGRESSIVE;
				GCC_WARN_UNUSED_FUNCTION = YES;
				GCC_WARN_UNUSED_VARIABLE = YES;
				IPHONEOS_DEPLOYMENT_TARGET = 16.4;
				MTL_ENABLE_DEBUG_INFO = NO;
				MTL_FAST_MATH = YES;
				SDKROOT = iphoneos;
				SWIFT_COMPILATION_MODE = wholemodule;
				SWIFT_OPTIMIZATION_LEVEL = "-O";
				VALIDATE_PRODUCT = YES;
			};
			name = Release;
		};
		B2CFBBD72A8CBDB100933F30 /* Debug */ = {
			isa = XCBuildConfiguration;
			buildSettings = {
				ASSETCATALOG_COMPILER_APPICON_NAME = AppIcon;
				ASSETCATALOG_COMPILER_GLOBAL_ACCENT_COLOR_NAME = AccentColor;
				CODE_SIGN_STYLE = Automatic;
				CURRENT_PROJECT_VERSION = 1;
				DEVELOPMENT_ASSET_PATHS = "\"PhotoFetcher-Browser/Preview Content\"";
				DEVELOPMENT_TEAM = J6U333HZ7J;
				ENABLE_PREVIEWS = YES;
				GENERATE_INFOPLIST_FILE = YES;
				INFOPLIST_KEY_UIApplicationSceneManifest_Generation = YES;
				INFOPLIST_KEY_UIApplicationSupportsIndirectInputEvents = YES;
				INFOPLIST_KEY_UILaunchScreen_Generation = YES;
				INFOPLIST_KEY_UISupportedInterfaceOrientations_iPad = "UIInterfaceOrientationPortrait UIInterfaceOrientationPortraitUpsideDown UIInterfaceOrientationLandscapeLeft UIInterfaceOrientationLandscapeRight";
				INFOPLIST_KEY_UISupportedInterfaceOrientations_iPhone = "UIInterfaceOrientationPortrait UIInterfaceOrientationLandscapeLeft UIInterfaceOrientationLandscapeRight";
				IPHONEOS_DEPLOYMENT_TARGET = 15.6;
				LD_RUNPATH_SEARCH_PATHS = (
					"$(inherited)",
					"@executable_path/Frameworks",
				);
				MARKETING_VERSION = 1.0;
				PRODUCT_BUNDLE_IDENTIFIER = "lukaszbielawski.PhotoFetcher-Browser";
				PRODUCT_NAME = "$(TARGET_NAME)";
				SWIFT_EMIT_LOC_STRINGS = YES;
				SWIFT_VERSION = 5.0;
				TARGETED_DEVICE_FAMILY = "1,2";
			};
			name = Debug;
		};
		B2CFBBD82A8CBDB100933F30 /* Release */ = {
			isa = XCBuildConfiguration;
			buildSettings = {
				ASSETCATALOG_COMPILER_APPICON_NAME = AppIcon;
				ASSETCATALOG_COMPILER_GLOBAL_ACCENT_COLOR_NAME = AccentColor;
				CODE_SIGN_STYLE = Automatic;
				CURRENT_PROJECT_VERSION = 1;
				DEVELOPMENT_ASSET_PATHS = "\"PhotoFetcher-Browser/Preview Content\"";
				DEVELOPMENT_TEAM = J6U333HZ7J;
				ENABLE_PREVIEWS = YES;
				GENERATE_INFOPLIST_FILE = YES;
				INFOPLIST_KEY_UIApplicationSceneManifest_Generation = YES;
				INFOPLIST_KEY_UIApplicationSupportsIndirectInputEvents = YES;
				INFOPLIST_KEY_UILaunchScreen_Generation = YES;
				INFOPLIST_KEY_UISupportedInterfaceOrientations_iPad = "UIInterfaceOrientationPortrait UIInterfaceOrientationPortraitUpsideDown UIInterfaceOrientationLandscapeLeft UIInterfaceOrientationLandscapeRight";
				INFOPLIST_KEY_UISupportedInterfaceOrientations_iPhone = "UIInterfaceOrientationPortrait UIInterfaceOrientationLandscapeLeft UIInterfaceOrientationLandscapeRight";
				IPHONEOS_DEPLOYMENT_TARGET = 15.6;
				LD_RUNPATH_SEARCH_PATHS = (
					"$(inherited)",
					"@executable_path/Frameworks",
				);
				MARKETING_VERSION = 1.0;
				PRODUCT_BUNDLE_IDENTIFIER = "lukaszbielawski.PhotoFetcher-Browser";
				PRODUCT_NAME = "$(TARGET_NAME)";
				SWIFT_EMIT_LOC_STRINGS = YES;
				SWIFT_VERSION = 5.0;
				TARGETED_DEVICE_FAMILY = "1,2";
			};
			name = Release;
		};
/* End XCBuildConfiguration section */

/* Begin XCConfigurationList section */
		B2CFBBC32A8CBDB000933F30 /* Build configuration list for PBXProject "PhotoFetcher-Browser" */ = {
			isa = XCConfigurationList;
			buildConfigurations = (
				B2CFBBD42A8CBDB100933F30 /* Debug */,
				B2CFBBD52A8CBDB100933F30 /* Release */,
			);
			defaultConfigurationIsVisible = 0;
			defaultConfigurationName = Release;
		};
		B2CFBBD62A8CBDB100933F30 /* Build configuration list for PBXNativeTarget "PhotoFetcher-Browser" */ = {
			isa = XCConfigurationList;
			buildConfigurations = (
				B2CFBBD72A8CBDB100933F30 /* Debug */,
				B2CFBBD82A8CBDB100933F30 /* Release */,
			);
			defaultConfigurationIsVisible = 0;
			defaultConfigurationName = Release;
		};
/* End XCConfigurationList section */

/* Begin XCRemoteSwiftPackageReference section */
		B2D851972A90A7730029CACB /* XCRemoteSwiftPackageReference "Kingfisher" */ = {
			isa = XCRemoteSwiftPackageReference;
			repositoryURL = "https://github.com/onevcat/Kingfisher.git";
			requirement = {
				kind = upToNextMajorVersion;
				minimumVersion = 7.0.0;
			};
		};
/* End XCRemoteSwiftPackageReference section */

/* Begin XCSwiftPackageProductDependency section */
		B2D851982A90A7730029CACB /* Kingfisher */ = {
			isa = XCSwiftPackageProductDependency;
			package = B2D851972A90A7730029CACB /* XCRemoteSwiftPackageReference "Kingfisher" */;
			productName = Kingfisher;
		};
/* End XCSwiftPackageProductDependency section */
	};
	rootObject = B2CFBBC02A8CBDB000933F30 /* Project object */;
}
